<?xml version="1.0" encoding="UTF-8" standalone="yes" ?>
<CodeBlocks_project_file>
	<FileVersion major="1" minor="6" />
	<Project>
		<Option title="PL2" />
		<Option pch_mode="2" />
		<Option compiler="gcc" />
		<Build>
			<Target title="Debug">
				<Option output="bin/Debug/PL2" prefix_auto="1" extension_auto="1" />
				<Option object_output="obj/Debug/" />
				<Option type="1" />
				<Option compiler="gcc" />
				<Compiler>
					<Add option="-g" />
					<Add directory="include" />
				</Compiler>
			</Target>
			<Target title="Release">
				<Option output="bin/Release/PL2" prefix_auto="1" extension_auto="1" />
				<Option object_output="obj/Release/" />
				<Option type="1" />
				<Option compiler="gcc" />
				<Compiler>
					<Add option="-O2" />
					<Add directory="include" />
				</Compiler>
				<Linker>
					<Add option="-s" />
				</Linker>
			</Target>
		</Build>
		<Compiler>
			<Add option="-Wall" />
			<Add option="-fexceptions" />
		</Compiler>
		<Unit filename="include/ArbolPedidos.h" />
		<Unit filename="include/Cliente.h" />
		<Unit filename="include/ColaPedidos.h" />
		<Unit filename="include/Correos.h" />
		<Unit filename="include/ListaPedidos.h" />
		<Unit filename="include/NodoArbol.h" />
		<Unit filename="include/NodoCola.h" />
		<Unit filename="include/NodoLista.h" />
		<Unit filename="include/NodoPila.h" />
		<Unit filename="include/Pedido.h" />
		<Unit filename="include/PilaPedidos.h" />
		<Unit filename="main.cpp" />
		<Unit filename="src/ArbolPedidos.cpp" />
		<Unit filename="src/Cliente.cpp" />
		<Unit filename="src/ColaPedidos.cpp" />
		<Unit filename="src/Correos.cpp" />
		<Unit filename="src/ListaPedidos.cpp" />
		<Unit filename="src/NodoArbol.cpp" />
		<Unit filename="src/NodoCola.cpp" />
		<Unit filename="src/NodoLista.cpp" />
		<Unit filename="src/NodoPila.cpp" />
		<Unit filename="src/Pedido.cpp" />
		<Unit filename="src/PilaPedidos.cpp" />
		<Extensions />
	</Project>
</CodeBlocks_project_file>
